
Microsoft Visual Studio Solution File, Format Version 12.00
# Visual Studio Version 17
VisualStudioVersion = 17.7.34221.43
MinimumVisualStudioVersion = 10.0.40219.1
Project("{FAE04EC0-301F-11D3-BF4B-00C04F79EFBC}") = "BackEnd1", "BackEnd1\BackEnd1.csproj", "{7F0EB583-109D-4B75-9B85-02BA1BCBE08F}"
EndProject
Global
	GlobalSection(SolutionConfigurationPlatforms) = preSolution
		Debug|Any CPU = Debug|Any CPU
		Release|Any CPU = Release|Any CPU
	EndGlobalSection
	GlobalSection(ProjectConfigurationPlatforms) = postSolution
		{7F0EB583-109D-4B75-9B85-02BA1BCBE08F}.Debug|Any CPU.ActiveCfg = Debug|Any CPU
		{7F0EB583-109D-4B75-9B85-02BA1BCBE08F}.Debug|Any CPU.Build.0 = Debug|Any CPU
		{7F0EB583-109D-4B75-9B85-02BA1BCBE08F}.Release|Any CPU.ActiveCfg = Release|Any CPU
		{7F0EB583-109D-4B75-9B85-02BA1BCBE08F}.Release|Any CPU.Build.0 = Release|Any CPU
	EndGlobalSection
	GlobalSection(SolutionProperties) = preSolution
		HideSolutionNode = FALSE
	EndGlobalSection
	GlobalSection(ExtensibilityGlobals) = postSolution
		SolutionGuid = {2415AE34-2FCE-49CB-B9CF-9EEE31D4A565}
	EndGlobalSection
EndGlobal
