
Microsoft Visual Studio Solution File, Format Version 12.00
# Visual Studio Version 17
VisualStudioVersion = 17.7.34221.43
MinimumVisualStudioVersion = 10.0.40219.1
Project("{FAE04EC0-301F-11D3-BF4B-00C04F79EFBC}") = "LB5", "LB5\LB5.csproj", "{A95B3267-8CC2-4506-B567-3B6C2A0649B9}"
EndProject
Global
	GlobalSection(SolutionConfigurationPlatforms) = preSolution
		Debug|Any CPU = Debug|Any CPU
		Release|Any CPU = Release|Any CPU
	EndGlobalSection
	GlobalSection(ProjectConfigurationPlatforms) = postSolution
		{A95B3267-8CC2-4506-B567-3B6C2A0649B9}.Debug|Any CPU.ActiveCfg = Debug|Any CPU
		{A95B3267-8CC2-4506-B567-3B6C2A0649B9}.Debug|Any CPU.Build.0 = Debug|Any CPU
		{A95B3267-8CC2-4506-B567-3B6C2A0649B9}.Release|Any CPU.ActiveCfg = Release|Any CPU
		{A95B3267-8CC2-4506-B567-3B6C2A0649B9}.Release|Any CPU.Build.0 = Release|Any CPU
	EndGlobalSection
	GlobalSection(SolutionProperties) = preSolution
		HideSolutionNode = FALSE
	EndGlobalSection
	GlobalSection(ExtensibilityGlobals) = postSolution
		SolutionGuid = {91E22492-7C69-4E19-8EEE-93A5B6D74CAC}
	EndGlobalSection
EndGlobal
