
Microsoft Visual Studio Solution File, Format Version 12.00
# Visual Studio Version 17
VisualStudioVersion = 17.7.34221.43
MinimumVisualStudioVersion = 10.0.40219.1
Project("{FAE04EC0-301F-11D3-BF4B-00C04F79EFBC}") = "LB8", "LB8\LB8.csproj", "{D6D54488-E694-4EA4-82C0-DCB21CD40DD6}"
EndProject
Global
	GlobalSection(SolutionConfigurationPlatforms) = preSolution
		Debug|Any CPU = Debug|Any CPU
		Release|Any CPU = Release|Any CPU
	EndGlobalSection
	GlobalSection(ProjectConfigurationPlatforms) = postSolution
		{D6D54488-E694-4EA4-82C0-DCB21CD40DD6}.Debug|Any CPU.ActiveCfg = Debug|Any CPU
		{D6D54488-E694-4EA4-82C0-DCB21CD40DD6}.Debug|Any CPU.Build.0 = Debug|Any CPU
		{D6D54488-E694-4EA4-82C0-DCB21CD40DD6}.Release|Any CPU.ActiveCfg = Release|Any CPU
		{D6D54488-E694-4EA4-82C0-DCB21CD40DD6}.Release|Any CPU.Build.0 = Release|Any CPU
	EndGlobalSection
	GlobalSection(SolutionProperties) = preSolution
		HideSolutionNode = FALSE
	EndGlobalSection
	GlobalSection(ExtensibilityGlobals) = postSolution
		SolutionGuid = {94782ABE-A2DF-4126-980E-753C439D16ED}
	EndGlobalSection
EndGlobal
